
Microsoft Visual Studio Solution File, Format Version 12.00
# Visual Studio Version 16
VisualStudioVersion = 16.0.31205.134
MinimumVisualStudioVersion = 10.0.40219.1
Project("{FAE04EC0-301F-11D3-BF4B-00C04F79EFBC}") = "Zadanie2_IT", "Zadanie2_IT\Zadanie2_IT.csproj", "{810F2E21-E8DF-4F3C-9D0A-5DD79655D113}"
EndProject
Global
	GlobalSection(SolutionConfigurationPlatforms) = preSolution
		Debug|Any CPU = Debug|Any CPU
		Release|Any CPU = Release|Any CPU
	EndGlobalSection
	GlobalSection(ProjectConfigurationPlatforms) = postSolution
		{810F2E21-E8DF-4F3C-9D0A-5DD79655D113}.Debug|Any CPU.ActiveCfg = Debug|Any CPU
		{810F2E21-E8DF-4F3C-9D0A-5DD79655D113}.Debug|Any CPU.Build.0 = Debug|Any CPU
		{810F2E21-E8DF-4F3C-9D0A-5DD79655D113}.Release|Any CPU.ActiveCfg = Release|Any CPU
		{810F2E21-E8DF-4F3C-9D0A-5DD79655D113}.Release|Any CPU.Build.0 = Release|Any CPU
	EndGlobalSection
	GlobalSection(SolutionProperties) = preSolution
		HideSolutionNode = FALSE
	EndGlobalSection
	GlobalSection(ExtensibilityGlobals) = postSolution
		SolutionGuid = {46613A69-6469-4EBC-A9D8-4750FCE4DC37}
	EndGlobalSection
EndGlobal
